
Microsoft Visual Studio Solution File, Format Version 12.00
# Visual Studio 15
VisualStudioVersion = 15.0.28307.1082
MinimumVisualStudioVersion = 10.0.40219.1
Project("{FAE04EC0-301F-11D3-BF4B-00C04F79EFBC}") = "ArduinoKnob", "ArduinoKnob\ArduinoKnob.csproj", "{FEADBD15-FE55-4F67-AAD2-6C53F291FFF6}"
EndProject
Global
	GlobalSection(SolutionConfigurationPlatforms) = preSolution
		Debug|Any CPU = Debug|Any CPU
		Release|Any CPU = Release|Any CPU
	EndGlobalSection
	GlobalSection(ProjectConfigurationPlatforms) = postSolution
		{FEADBD15-FE55-4F67-AAD2-6C53F291FFF6}.Debug|Any CPU.ActiveCfg = Debug|Any CPU
		{FEADBD15-FE55-4F67-AAD2-6C53F291FFF6}.Debug|Any CPU.Build.0 = Debug|Any CPU
		{FEADBD15-FE55-4F67-AAD2-6C53F291FFF6}.Release|Any CPU.ActiveCfg = Release|Any CPU
		{FEADBD15-FE55-4F67-AAD2-6C53F291FFF6}.Release|Any CPU.Build.0 = Release|Any CPU
	EndGlobalSection
	GlobalSection(SolutionProperties) = preSolution
		HideSolutionNode = FALSE
	EndGlobalSection
	GlobalSection(ExtensibilityGlobals) = postSolution
		SolutionGuid = {D683E27C-136A-456A-B70E-6C5D86F39C24}
	EndGlobalSection
EndGlobal
